{
  "name": "learning-node",
  "version": "1.0.0",
  "lockfileVersion": 1,
  "requires": true,
  "dependencies": {
    "slugify": {
      "version": "1.6.0",
      "resolved": "https://registry.npmjs.org/slugify/-/slugify-1.6.0.tgz",
      "integrity": "sha512-FkMq+MQc5hzYgM86nLuHI98Acwi3p4wX+a5BO9Hhw4JdK4L7WueIiZ4tXEobImPqBz2sVcV0+Mu3GRB30IGang=="
    }
  }
}
